<?xml version="1.0" encoding="utf-8"?>
<Project ToolsVersion="4.0" xmlns="http://schemas.microsoft.com/developer/msbuild/2003">
  <ItemGroup>
    <Filter Include="Source Files">
      <UniqueIdentifier>{4FC737F1-C7A5-4376-A066-2A32D752A2FF}</UniqueIdentifier>
      <Extensions>cpp;c;cc;cxx;c++;cppm;ixx;def;odl;idl;hpj;bat;asm;asmx</Extensions>
    </Filter>
    <Filter Include="Header Files">
      <UniqueIdentifier>{93995380-89BD-4b04-88EB-625FBE52EBFB}</UniqueIdentifier>
      <Extensions>h;hh;hpp;hxx;h++;hm;inl;inc;ipp;xsd</Extensions>
    </Filter>
    <Filter Include="Resource Files">
      <UniqueIdentifier>{67DA6AB6-F800-4c08-8B7A-83BB121AAD01}</UniqueIdentifier>
      <Extensions>rc;ico;cur;bmp;dlg;rc2;rct;bin;rgs;gif;jpg;jpeg;jpe;resx;tiff;tif;png;wav;mfcribbon-ms</Extensions>
    </Filter>
    <Filter Include="Actions">
      <UniqueIdentifier>{084b894c-6ca9-4bf0-ac38-250065cf3b2e}</UniqueIdentifier>
    </Filter>
    <Filter Include="Operators">
      <UniqueIdentifier>{aa153e5b-3825-4808-bc68-a45d6463276f}</UniqueIdentifier>
    </Filter>
    <Filter Include="Conditions">
      <UniqueIdentifier>{baa31f76-b791-4068-834e-590c23f9154e}</UniqueIdentifier>
    </Filter>
  </ItemGroup>
  <ItemGroup>
    <ClCompile Include="Accuser.cpp">
      <Filter>Source Files</Filter>
    </ClCompile>
    <ClCompile Include="Agent.cpp">
      <Filter>Source Files</Filter>
    </ClCompile>
    <ClCompile Include="Argument.cpp">
      <Filter>Source Files</Filter>
    </ClCompile>
    <ClCompile Include="Bludgeon.cpp">
      <Filter>Source Files</Filter>
    </ClCompile>
    <ClCompile Include="Condition.cpp">
      <Filter>Source Files</Filter>
    </ClCompile>
    <ClCompile Include="Counter.cpp">
      <Filter>Source Files</Filter>
    </ClCompile>
    <ClCompile Include="Equal.cpp">
      <Filter>Source Files</Filter>
    </ClCompile>
    <ClCompile Include="FactManager.cpp">
      <Filter>Source Files</Filter>
    </ClCompile>
    <ClCompile Include="Game.cpp">
      <Filter>Source Files</Filter>
    </ClCompile>
    <ClCompile Include="Goal.cpp">
      <Filter>Source Files</Filter>
    </ClCompile>
    <ClCompile Include="GreaterThan.cpp">
      <Filter>Source Files</Filter>
    </ClCompile>
    <ClCompile Include="Has.cpp">
      <Filter>Source Files</Filter>
    </ClCompile>
    <ClCompile Include="main.cpp">
      <Filter>Source Files</Filter>
    </ClCompile>
    <ClCompile Include="Object.cpp">
      <Filter>Source Files</Filter>
    </ClCompile>
    <ClCompile Include="Operator.cpp">
      <Filter>Source Files</Filter>
    </ClCompile>
    <ClCompile Include="OperatorManager.cpp">
      <Filter>Source Files</Filter>
    </ClCompile>
    <ClCompile Include="Owns.cpp">
      <Filter>Source Files</Filter>
    </ClCompile>
    <ClCompile Include="Plan.cpp">
      <Filter>Source Files</Filter>
    </ClCompile>
    <ClCompile Include="Planner.cpp">
      <Filter>Source Files</Filter>
    </ClCompile>
    <ClCompile Include="Prop.cpp">
      <Filter>Source Files</Filter>
    </ClCompile>
    <ClCompile Include="Room.cpp">
      <Filter>Source Files</Filter>
    </ClCompile>
    <ClCompile Include="RoomManager.cpp">
      <Filter>Source Files</Filter>
    </ClCompile>
    <ClCompile Include="True.cpp">
      <Filter>Source Files</Filter>
    </ClCompile>
    <ClCompile Include="Action.cpp">
      <Filter>Actions</Filter>
    </ClCompile>
    <ClCompile Include="ActionManager.cpp">
      <Filter>Actions</Filter>
    </ClCompile>
    <ClCompile Include="Drop.cpp">
      <Filter>Actions</Filter>
    </ClCompile>
    <ClCompile Include="GoTo.cpp">
      <Filter>Actions</Filter>
    </ClCompile>
    <ClCompile Include="Murder.cpp">
      <Filter>Actions</Filter>
    </ClCompile>
    <ClCompile Include="Shoot.cpp">
      <Filter>Actions</Filter>
    </ClCompile>
    <ClCompile Include="Stab.cpp">
      <Filter>Actions</Filter>
    </ClCompile>
    <ClCompile Include="Strangle.cpp">
      <Filter>Actions</Filter>
    </ClCompile>
    <ClCompile Include="Take.cpp">
      <Filter>Actions</Filter>
    </ClCompile>
    <ClCompile Include="WaitFor.cpp">
      <Filter>Actions</Filter>
    </ClCompile>
  </ItemGroup>
  <ItemGroup>
    <ClInclude Include="Accuser.h">
      <Filter>Header Files</Filter>
    </ClInclude>
    <ClInclude Include="Agent.h">
      <Filter>Header Files</Filter>
    </ClInclude>
    <ClInclude Include="Argument.h">
      <Filter>Header Files</Filter>
    </ClInclude>
    <ClInclude Include="Common.h">
      <Filter>Header Files</Filter>
    </ClInclude>
    <ClInclude Include="Counter.h">
      <Filter>Header Files</Filter>
    </ClInclude>
    <ClInclude Include="FactManager.h">
      <Filter>Header Files</Filter>
    </ClInclude>
    <ClInclude Include="Game.h">
      <Filter>Header Files</Filter>
    </ClInclude>
    <ClInclude Include="Goal.h">
      <Filter>Header Files</Filter>
    </ClInclude>
    <ClInclude Include="IExecutable.h">
      <Filter>Header Files</Filter>
    </ClInclude>
    <ClInclude Include="MessageDispatcher.h">
      <Filter>Header Files</Filter>
    </ClInclude>
    <ClInclude Include="Object.h">
      <Filter>Header Files</Filter>
    </ClInclude>
    <ClInclude Include="ObjectManager.h">
      <Filter>Header Files</Filter>
    </ClInclude>
    <ClInclude Include="OrderedPair.h">
      <Filter>Header Files</Filter>
    </ClInclude>
    <ClInclude Include="Plan.h">
      <Filter>Header Files</Filter>
    </ClInclude>
    <ClInclude Include="Planner.h">
      <Filter>Header Files</Filter>
    </ClInclude>
    <ClInclude Include="Prop.h">
      <Filter>Header Files</Filter>
    </ClInclude>
    <ClInclude Include="Room.h">
      <Filter>Header Files</Filter>
    </ClInclude>
    <ClInclude Include="RoomManager.h">
      <Filter>Header Files</Filter>
    </ClInclude>
    <ClInclude Include="Telegram.h">
      <Filter>Header Files</Filter>
    </ClInclude>
    <ClInclude Include="True.h">
      <Filter>Header Files</Filter>
    </ClInclude>
    <ClInclude Include="Action.h">
      <Filter>Actions</Filter>
    </ClInclude>
    <ClInclude Include="ActionList.h">
      <Filter>Actions</Filter>
    </ClInclude>
    <ClInclude Include="ActionManager.h">
      <Filter>Actions</Filter>
    </ClInclude>
    <ClInclude Include="ActionRecord.h">
      <Filter>Actions</Filter>
    </ClInclude>
    <ClInclude Include="Bludgeon.h">
      <Filter>Actions</Filter>
    </ClInclude>
    <ClInclude Include="Drop.h">
      <Filter>Actions</Filter>
    </ClInclude>
    <ClInclude Include="GoTo.h">
      <Filter>Actions</Filter>
    </ClInclude>
    <ClInclude Include="Murder.h">
      <Filter>Actions</Filter>
    </ClInclude>
    <ClInclude Include="WaitFor.h">
      <Filter>Actions</Filter>
    </ClInclude>
    <ClInclude Include="Take.h">
      <Filter>Actions</Filter>
    </ClInclude>
    <ClInclude Include="Strangle.h">
      <Filter>Actions</Filter>
    </ClInclude>
    <ClInclude Include="Stab.h">
      <Filter>Actions</Filter>
    </ClInclude>
    <ClInclude Include="Shoot.h">
      <Filter>Actions</Filter>
    </ClInclude>
    <ClInclude Include="Operator.h">
      <Filter>Operators</Filter>
    </ClInclude>
    <ClInclude Include="OperatorList.h">
      <Filter>Operators</Filter>
    </ClInclude>
    <ClInclude Include="OperatorManager.h">
      <Filter>Operators</Filter>
    </ClInclude>
    <ClInclude Include="Condition.h">
      <Filter>Conditions</Filter>
    </ClInclude>
    <ClInclude Include="Equal.h">
      <Filter>Conditions</Filter>
    </ClInclude>
    <ClInclude Include="Owns.h">
      <Filter>Conditions</Filter>
    </ClInclude>
    <ClInclude Include="Has.h">
      <Filter>Conditions</Filter>
    </ClInclude>
    <ClInclude Include="GreaterThan.h">
      <Filter>Conditions</Filter>
    </ClInclude>
  </ItemGroup>
  <ItemGroup>
    <None Include="packages.config" />
  </ItemGroup>
</Project>